
Microsoft Visual Studio Solution File, Format Version 12.00
# Visual Studio Version 17
VisualStudioVersion = 17.7.34221.43
MinimumVisualStudioVersion = 10.0.40219.1
Project("{FAE04EC0-301F-11D3-BF4B-00C04F79EFBC}") = "Programming", "Programming\Programming.csproj", "{92F27980-0E73-4621-AB0B-5FEAE2CBAF79}"
EndProject
Global
	GlobalSection(SolutionConfigurationPlatforms) = preSolution
		Debug|Any CPU = Debug|Any CPU
		Release|Any CPU = Release|Any CPU
	EndGlobalSection
	GlobalSection(ProjectConfigurationPlatforms) = postSolution
		{92F27980-0E73-4621-AB0B-5FEAE2CBAF79}.Debug|Any CPU.ActiveCfg = Debug|Any CPU
		{92F27980-0E73-4621-AB0B-5FEAE2CBAF79}.Debug|Any CPU.Build.0 = Debug|Any CPU
		{92F27980-0E73-4621-AB0B-5FEAE2CBAF79}.Release|Any CPU.ActiveCfg = Release|Any CPU
		{92F27980-0E73-4621-AB0B-5FEAE2CBAF79}.Release|Any CPU.Build.0 = Release|Any CPU
	EndGlobalSection
	GlobalSection(SolutionProperties) = preSolution
		HideSolutionNode = FALSE
	EndGlobalSection
	GlobalSection(ExtensibilityGlobals) = postSolution
		SolutionGuid = {048F7563-F531-4312-B20B-6EAA61D2C015}
	EndGlobalSection
EndGlobal
